// !$*UTF8*$!
{
	archiveVersion = 1;
	classes = {
	};
	objectVersion = 56;
	objects = {

/* Begin PBXBuildFile section */
		832F2F0C2B6AF65200B3CDC0 /* AppDelegate.swift in Sources */ = {isa = PBXBuildFile; fileRef = 832F2F0B2B6AF65200B3CDC0 /* AppDelegate.swift */; };
		832F2F0E2B6AF65200B3CDC0 /* SceneDelegate.swift in Sources */ = {isa = PBXBuildFile; fileRef = 832F2F0D2B6AF65200B3CDC0 /* SceneDelegate.swift */; };
		832F2F102B6AF65200B3CDC0 /* ViewController.swift in Sources */ = {isa = PBXBuildFile; fileRef = 832F2F0F2B6AF65200B3CDC0 /* ViewController.swift */; };
		832F2F132B6AF65200B3CDC0 /* Main.storyboard in Resources */ = {isa = PBXBuildFile; fileRef = 832F2F112B6AF65200B3CDC0 /* Main.storyboard */; };
		832F2F152B6AF65400B3CDC0 /* Assets.xcassets in Resources */ = {isa = PBXBuildFile; fileRef = 832F2F142B6AF65400B3CDC0 /* Assets.xcassets */; };
		832F2F182B6AF65400B3CDC0 /* LaunchScreen.storyboard in Resources */ = {isa = PBXBuildFile; fileRef = 832F2F162B6AF65400B3CDC0 /* LaunchScreen.storyboard */; };
		83336E9D2B6B0D81008A4880 /* OnboardingViewController.swift in Sources */ = {isa = PBXBuildFile; fileRef = 83336E9C2B6B0D81008A4880 /* OnboardingViewController.swift */; };
		837374AB2B6EFF5E009F3804 /* Kingfisher in Frameworks */ = {isa = PBXBuildFile; productRef = 837374AA2B6EFF5E009F3804 /* Kingfisher */; };
		837374AE2B6F081E009F3804 /* SkeletonView in Frameworks */ = {isa = PBXBuildFile; productRef = 837374AD2B6F081E009F3804 /* SkeletonView */; };
		83A072492B6B13BE00DAB8ED /* UIButtons.swift in Sources */ = {isa = PBXBuildFile; fileRef = 83A072482B6B13BE00DAB8ED /* UIButtons.swift */; };
		83A0724C2B6B194800DAB8ED /* OnboardingSlide.swift in Sources */ = {isa = PBXBuildFile; fileRef = 83A0724B2B6B194800DAB8ED /* OnboardingSlide.swift */; };
		83A0724E2B6B1C9900DAB8ED /* OnboardingCollectionViewCell.swift in Sources */ = {isa = PBXBuildFile; fileRef = 83A0724D2B6B1C9900DAB8ED /* OnboardingCollectionViewCell.swift */; };
		83A072612B6B2A5E00DAB8ED /* HomeViewEntity.swift in Sources */ = {isa = PBXBuildFile; fileRef = 83A072552B6B2A5E00DAB8ED /* HomeViewEntity.swift */; };
		83A072622B6B2A5E00DAB8ED /* HomeViewPresenter.swift in Sources */ = {isa = PBXBuildFile; fileRef = 83A072572B6B2A5E00DAB8ED /* HomeViewPresenter.swift */; };
		83A072632B6B2A5E00DAB8ED /* HomeViewViewController.swift in Sources */ = {isa = PBXBuildFile; fileRef = 83A072592B6B2A5E00DAB8ED /* HomeViewViewController.swift */; };
		83A072642B6B2A5E00DAB8ED /* HomeViewViewController.xib in Resources */ = {isa = PBXBuildFile; fileRef = 83A0725A2B6B2A5E00DAB8ED /* HomeViewViewController.xib */; };
		83A072652B6B2A5E00DAB8ED /* HomeViewProtocols.swift in Sources */ = {isa = PBXBuildFile; fileRef = 83A0725B2B6B2A5E00DAB8ED /* HomeViewProtocols.swift */; };
		83A072662B6B2A5E00DAB8ED /* HomeViewInteractor.swift in Sources */ = {isa = PBXBuildFile; fileRef = 83A0725D2B6B2A5E00DAB8ED /* HomeViewInteractor.swift */; };
		83A072672B6B2A5E00DAB8ED /* HomeViewModule.swift in Sources */ = {isa = PBXBuildFile; fileRef = 83A0725E2B6B2A5E00DAB8ED /* HomeViewModule.swift */; };
		83A072682B6B2A5E00DAB8ED /* HomeViewRouter.swift in Sources */ = {isa = PBXBuildFile; fileRef = 83A072602B6B2A5E00DAB8ED /* HomeViewRouter.swift */; };
		83BB25252B6C74CA0064DCD2 /* ProductModel.swift in Sources */ = {isa = PBXBuildFile; fileRef = 83BB25242B6C74CA0064DCD2 /* ProductModel.swift */; };
		83BB25292B6D1F100064DCD2 /* ProductTableViewCell.swift in Sources */ = {isa = PBXBuildFile; fileRef = 83BB25272B6D1F100064DCD2 /* ProductTableViewCell.swift */; };
		83BB252A2B6D1F100064DCD2 /* ProductTableViewCell.xib in Resources */ = {isa = PBXBuildFile; fileRef = 83BB25282B6D1F100064DCD2 /* ProductTableViewCell.xib */; };
		83C22A002B6C657F0030FD6E /* Constants.swift in Sources */ = {isa = PBXBuildFile; fileRef = 83C229FF2B6C657F0030FD6E /* Constants.swift */; };
/* End PBXBuildFile section */

/* Begin PBXFileReference section */
		832F2F082B6AF65200B3CDC0 /* ProductDetailApp.app */ = {isa = PBXFileReference; explicitFileType = wrapper.application; includeInIndex = 0; path = ProductDetailApp.app; sourceTree = BUILT_PRODUCTS_DIR; };
		832F2F0B2B6AF65200B3CDC0 /* AppDelegate.swift */ = {isa = PBXFileReference; lastKnownFileType = sourcecode.swift; path = AppDelegate.swift; sourceTree = "<group>"; };
		832F2F0D2B6AF65200B3CDC0 /* SceneDelegate.swift */ = {isa = PBXFileReference; lastKnownFileType = sourcecode.swift; path = SceneDelegate.swift; sourceTree = "<group>"; };
		832F2F0F2B6AF65200B3CDC0 /* ViewController.swift */ = {isa = PBXFileReference; lastKnownFileType = sourcecode.swift; path = ViewController.swift; sourceTree = "<group>"; };
		832F2F122B6AF65200B3CDC0 /* Base */ = {isa = PBXFileReference; lastKnownFileType = file.storyboard; name = Base; path = Base.lproj/Main.storyboard; sourceTree = "<group>"; };
		832F2F142B6AF65400B3CDC0 /* Assets.xcassets */ = {isa = PBXFileReference; lastKnownFileType = folder.assetcatalog; path = Assets.xcassets; sourceTree = "<group>"; };
		832F2F172B6AF65400B3CDC0 /* Base */ = {isa = PBXFileReference; lastKnownFileType = file.storyboard; name = Base; path = Base.lproj/LaunchScreen.storyboard; sourceTree = "<group>"; };
		832F2F192B6AF65400B3CDC0 /* Info.plist */ = {isa = PBXFileReference; lastKnownFileType = text.plist.xml; path = Info.plist; sourceTree = "<group>"; };
		83336E9C2B6B0D81008A4880 /* OnboardingViewController.swift */ = {isa = PBXFileReference; lastKnownFileType = sourcecode.swift; path = OnboardingViewController.swift; sourceTree = "<group>"; };
		83A072482B6B13BE00DAB8ED /* UIButtons.swift */ = {isa = PBXFileReference; lastKnownFileType = sourcecode.swift; path = UIButtons.swift; sourceTree = "<group>"; };
		83A0724B2B6B194800DAB8ED /* OnboardingSlide.swift */ = {isa = PBXFileReference; lastKnownFileType = sourcecode.swift; path = OnboardingSlide.swift; sourceTree = "<group>"; };
		83A0724D2B6B1C9900DAB8ED /* OnboardingCollectionViewCell.swift */ = {isa = PBXFileReference; lastKnownFileType = sourcecode.swift; name = OnboardingCollectionViewCell.swift; path = ProductDetailApp/Views/Onboarding/OnboardingCollectionViewCell.swift; sourceTree = SOURCE_ROOT; };
		83A072552B6B2A5E00DAB8ED /* HomeViewEntity.swift */ = {isa = PBXFileReference; fileEncoding = 4; lastKnownFileType = sourcecode.swift; path = HomeViewEntity.swift; sourceTree = "<group>"; };
		83A072572B6B2A5E00DAB8ED /* HomeViewPresenter.swift */ = {isa = PBXFileReference; fileEncoding = 4; lastKnownFileType = sourcecode.swift; path = HomeViewPresenter.swift; sourceTree = "<group>"; };
		83A072592B6B2A5E00DAB8ED /* HomeViewViewController.swift */ = {isa = PBXFileReference; fileEncoding = 4; lastKnownFileType = sourcecode.swift; path = HomeViewViewController.swift; sourceTree = "<group>"; };
		83A0725A2B6B2A5E00DAB8ED /* HomeViewViewController.xib */ = {isa = PBXFileReference; fileEncoding = 4; lastKnownFileType = file.xib; path = HomeViewViewController.xib; sourceTree = "<group>"; };
		83A0725B2B6B2A5E00DAB8ED /* HomeViewProtocols.swift */ = {isa = PBXFileReference; fileEncoding = 4; lastKnownFileType = sourcecode.swift; path = HomeViewProtocols.swift; sourceTree = "<group>"; };
		83A0725D2B6B2A5E00DAB8ED /* HomeViewInteractor.swift */ = {isa = PBXFileReference; fileEncoding = 4; lastKnownFileType = sourcecode.swift; path = HomeViewInteractor.swift; sourceTree = "<group>"; };
		83A0725E2B6B2A5E00DAB8ED /* HomeViewModule.swift */ = {isa = PBXFileReference; fileEncoding = 4; lastKnownFileType = sourcecode.swift; path = HomeViewModule.swift; sourceTree = "<group>"; };
		83A072602B6B2A5E00DAB8ED /* HomeViewRouter.swift */ = {isa = PBXFileReference; fileEncoding = 4; lastKnownFileType = sourcecode.swift; path = HomeViewRouter.swift; sourceTree = "<group>"; };
		83BB25242B6C74CA0064DCD2 /* ProductModel.swift */ = {isa = PBXFileReference; lastKnownFileType = sourcecode.swift; path = ProductModel.swift; sourceTree = "<group>"; };
		83BB25272B6D1F100064DCD2 /* ProductTableViewCell.swift */ = {isa = PBXFileReference; lastKnownFileType = sourcecode.swift; path = ProductTableViewCell.swift; sourceTree = "<group>"; };
		83BB25282B6D1F100064DCD2 /* ProductTableViewCell.xib */ = {isa = PBXFileReference; lastKnownFileType = file.xib; path = ProductTableViewCell.xib; sourceTree = "<group>"; };
		83C229FF2B6C657F0030FD6E /* Constants.swift */ = {isa = PBXFileReference; lastKnownFileType = sourcecode.swift; path = Constants.swift; sourceTree = "<group>"; };
/* End PBXFileReference section */

/* Begin PBXFrameworksBuildPhase section */
		832F2F052B6AF65200B3CDC0 /* Frameworks */ = {
			isa = PBXFrameworksBuildPhase;
			buildActionMask = 2147483647;
			files = (
				837374AE2B6F081E009F3804 /* SkeletonView in Frameworks */,
				837374AB2B6EFF5E009F3804 /* Kingfisher in Frameworks */,
			);
			runOnlyForDeploymentPostprocessing = 0;
		};
/* End PBXFrameworksBuildPhase section */

/* Begin PBXGroup section */
		832F2EFF2B6AF65200B3CDC0 = {
			isa = PBXGroup;
			children = (
				832F2F0A2B6AF65200B3CDC0 /* ProductDetailApp */,
				832F2F092B6AF65200B3CDC0 /* Products */,
			);
			sourceTree = "<group>";
		};
		832F2F092B6AF65200B3CDC0 /* Products */ = {
			isa = PBXGroup;
			children = (
				832F2F082B6AF65200B3CDC0 /* ProductDetailApp.app */,
			);
			name = Products;
			sourceTree = "<group>";
		};
		832F2F0A2B6AF65200B3CDC0 /* ProductDetailApp */ = {
			isa = PBXGroup;
			children = (
				83A0724A2B6B193600DAB8ED /* Models */,
				83336E9A2B6B0D36008A4880 /* Views */,
				832F2F0B2B6AF65200B3CDC0 /* AppDelegate.swift */,
				832F2F0D2B6AF65200B3CDC0 /* SceneDelegate.swift */,
				832F2F0F2B6AF65200B3CDC0 /* ViewController.swift */,
				832F2F112B6AF65200B3CDC0 /* Main.storyboard */,
				832F2F142B6AF65400B3CDC0 /* Assets.xcassets */,
				83A072472B6B13A300DAB8ED /* Utils */,
				832F2F162B6AF65400B3CDC0 /* LaunchScreen.storyboard */,
				832F2F192B6AF65400B3CDC0 /* Info.plist */,
			);
			path = ProductDetailApp;
			sourceTree = "<group>";
		};
		83336E9A2B6B0D36008A4880 /* Views */ = {
			isa = PBXGroup;
			children = (
				83BB25262B6D1EDD0064DCD2 /* CustomCells */,
				83A072502B6B2A0D00DAB8ED /* Home */,
				83336E9B2B6B0D5C008A4880 /* Onboarding */,
			);
			path = Views;
			sourceTree = "<group>";
		};
		83336E9B2B6B0D5C008A4880 /* Onboarding */ = {
			isa = PBXGroup;
			children = (
				83A0724D2B6B1C9900DAB8ED /* OnboardingCollectionViewCell.swift */,
				83336E9C2B6B0D81008A4880 /* OnboardingViewController.swift */,
			);
			path = Onboarding;
			sourceTree = "<group>";
		};
		83A072472B6B13A300DAB8ED /* Utils */ = {
			isa = PBXGroup;
			children = (
				83A072482B6B13BE00DAB8ED /* UIButtons.swift */,
				83C229FF2B6C657F0030FD6E /* Constants.swift */,
			);
			path = Utils;
			sourceTree = "<group>";
		};
		83A0724A2B6B193600DAB8ED /* Models */ = {
			isa = PBXGroup;
			children = (
				83A0724B2B6B194800DAB8ED /* OnboardingSlide.swift */,
				83BB25242B6C74CA0064DCD2 /* ProductModel.swift */,
			);
			path = Models;
			sourceTree = "<group>";
		};
		83A072502B6B2A0D00DAB8ED /* Home */ = {
			isa = PBXGroup;
			children = (
				83A072532B6B2A5E00DAB8ED /* HomeViewModule */,
			);
			path = Home;
			sourceTree = "<group>";
		};
		83A072532B6B2A5E00DAB8ED /* HomeViewModule */ = {
			isa = PBXGroup;
			children = (
				83A072542B6B2A5E00DAB8ED /* Entity */,
				83A072562B6B2A5E00DAB8ED /* Presenter */,
				83A072582B6B2A5E00DAB8ED /* View */,
				83A0725B2B6B2A5E00DAB8ED /* HomeViewProtocols.swift */,
				83A0725C2B6B2A5E00DAB8ED /* Interactor */,
				83A0725E2B6B2A5E00DAB8ED /* HomeViewModule.swift */,
				83A0725F2B6B2A5E00DAB8ED /* Router */,
			);
			path = HomeViewModule;
			sourceTree = "<group>";
		};
		83A072542B6B2A5E00DAB8ED /* Entity */ = {
			isa = PBXGroup;
			children = (
				83A072552B6B2A5E00DAB8ED /* HomeViewEntity.swift */,
			);
			path = Entity;
			sourceTree = "<group>";
		};
		83A072562B6B2A5E00DAB8ED /* Presenter */ = {
			isa = PBXGroup;
			children = (
				83A072572B6B2A5E00DAB8ED /* HomeViewPresenter.swift */,
			);
			path = Presenter;
			sourceTree = "<group>";
		};
		83A072582B6B2A5E00DAB8ED /* View */ = {
			isa = PBXGroup;
			children = (
				83A072592B6B2A5E00DAB8ED /* HomeViewViewController.swift */,
				83A0725A2B6B2A5E00DAB8ED /* HomeViewViewController.xib */,
			);
			path = View;
			sourceTree = "<group>";
		};
		83A0725C2B6B2A5E00DAB8ED /* Interactor */ = {
			isa = PBXGroup;
			children = (
				83A0725D2B6B2A5E00DAB8ED /* HomeViewInteractor.swift */,
			);
			path = Interactor;
			sourceTree = "<group>";
		};
		83A0725F2B6B2A5E00DAB8ED /* Router */ = {
			isa = PBXGroup;
			children = (
				83A072602B6B2A5E00DAB8ED /* HomeViewRouter.swift */,
			);
			path = Router;
			sourceTree = "<group>";
		};
		83BB25262B6D1EDD0064DCD2 /* CustomCells */ = {
			isa = PBXGroup;
			children = (
				83BB25272B6D1F100064DCD2 /* ProductTableViewCell.swift */,
				83BB25282B6D1F100064DCD2 /* ProductTableViewCell.xib */,
			);
			path = CustomCells;
			sourceTree = "<group>";
		};
/* End PBXGroup section */

/* Begin PBXNativeTarget section */
		832F2F072B6AF65200B3CDC0 /* ProductDetailApp */ = {
			isa = PBXNativeTarget;
			buildConfigurationList = 832F2F1C2B6AF65400B3CDC0 /* Build configuration list for PBXNativeTarget "ProductDetailApp" */;
			buildPhases = (
				832F2F042B6AF65200B3CDC0 /* Sources */,
				832F2F052B6AF65200B3CDC0 /* Frameworks */,
				832F2F062B6AF65200B3CDC0 /* Resources */,
			);
			buildRules = (
			);
			dependencies = (
			);
			name = ProductDetailApp;
			packageProductDependencies = (
				837374AA2B6EFF5E009F3804 /* Kingfisher */,
				837374AD2B6F081E009F3804 /* SkeletonView */,
			);
			productName = ProductDetailApp;
			productReference = 832F2F082B6AF65200B3CDC0 /* ProductDetailApp.app */;
			productType = "com.apple.product-type.application";
		};
/* End PBXNativeTarget section */

/* Begin PBXProject section */
		832F2F002B6AF65200B3CDC0 /* Project object */ = {
			isa = PBXProject;
			attributes = {
				BuildIndependentTargetsInParallel = 1;
				LastSwiftUpdateCheck = 1510;
				LastUpgradeCheck = 1510;
				TargetAttributes = {
					832F2F072B6AF65200B3CDC0 = {
						CreatedOnToolsVersion = 15.1;
					};
				};
			};
			buildConfigurationList = 832F2F032B6AF65200B3CDC0 /* Build configuration list for PBXProject "ProductDetailApp" */;
			compatibilityVersion = "Xcode 14.0";
			developmentRegion = en;
			hasScannedForEncodings = 0;
			knownRegions = (
				en,
				Base,
			);
			mainGroup = 832F2EFF2B6AF65200B3CDC0;
			packageReferences = (
				837374A92B6EFF5E009F3804 /* XCRemoteSwiftPackageReference "Kingfisher" */,
				837374AC2B6F081E009F3804 /* XCRemoteSwiftPackageReference "SkeletonView" */,
			);
			productRefGroup = 832F2F092B6AF65200B3CDC0 /* Products */;
			projectDirPath = "";
			projectRoot = "";
			targets = (
				832F2F072B6AF65200B3CDC0 /* ProductDetailApp */,
			);
		};
/* End PBXProject section */

/* Begin PBXResourcesBuildPhase section */
		832F2F062B6AF65200B3CDC0 /* Resources */ = {
			isa = PBXResourcesBuildPhase;
			buildActionMask = 2147483647;
			files = (
				832F2F182B6AF65400B3CDC0 /* LaunchScreen.storyboard in Resources */,
				832F2F152B6AF65400B3CDC0 /* Assets.xcassets in Resources */,
				83BB252A2B6D1F100064DCD2 /* ProductTableViewCell.xib in Resources */,
				83A072642B6B2A5E00DAB8ED /* HomeViewViewController.xib in Resources */,
				832F2F132B6AF65200B3CDC0 /* Main.storyboard in Resources */,
			);
			runOnlyForDeploymentPostprocessing = 0;
		};
/* End PBXResourcesBuildPhase section */

/* Begin PBXSourcesBuildPhase section */
		832F2F042B6AF65200B3CDC0 /* Sources */ = {
			isa = PBXSourcesBuildPhase;
			buildActionMask = 2147483647;
			files = (
				83A072612B6B2A5E00DAB8ED /* HomeViewEntity.swift in Sources */,
				83A072672B6B2A5E00DAB8ED /* HomeViewModule.swift in Sources */,
				832F2F102B6AF65200B3CDC0 /* ViewController.swift in Sources */,
				832F2F0C2B6AF65200B3CDC0 /* AppDelegate.swift in Sources */,
				832F2F0E2B6AF65200B3CDC0 /* SceneDelegate.swift in Sources */,
				83BB25292B6D1F100064DCD2 /* ProductTableViewCell.swift in Sources */,
				83C22A002B6C657F0030FD6E /* Constants.swift in Sources */,
				83A072652B6B2A5E00DAB8ED /* HomeViewProtocols.swift in Sources */,
				83A072682B6B2A5E00DAB8ED /* HomeViewRouter.swift in Sources */,
				83A072622B6B2A5E00DAB8ED /* HomeViewPresenter.swift in Sources */,
				83A072662B6B2A5E00DAB8ED /* HomeViewInteractor.swift in Sources */,
				83336E9D2B6B0D81008A4880 /* OnboardingViewController.swift in Sources */,
				83A0724C2B6B194800DAB8ED /* OnboardingSlide.swift in Sources */,
				83A0724E2B6B1C9900DAB8ED /* OnboardingCollectionViewCell.swift in Sources */,
				83A072632B6B2A5E00DAB8ED /* HomeViewViewController.swift in Sources */,
				83A072492B6B13BE00DAB8ED /* UIButtons.swift in Sources */,
				83BB25252B6C74CA0064DCD2 /* ProductModel.swift in Sources */,
			);
			runOnlyForDeploymentPostprocessing = 0;
		};
/* End PBXSourcesBuildPhase section */

/* Begin PBXVariantGroup section */
		832F2F112B6AF65200B3CDC0 /* Main.storyboard */ = {
			isa = PBXVariantGroup;
			children = (
				832F2F122B6AF65200B3CDC0 /* Base */,
			);
			name = Main.storyboard;
			sourceTree = "<group>";
		};
		832F2F162B6AF65400B3CDC0 /* LaunchScreen.storyboard */ = {
			isa = PBXVariantGroup;
			children = (
				832F2F172B6AF65400B3CDC0 /* Base */,
			);
			name = LaunchScreen.storyboard;
			sourceTree = "<group>";
		};
/* End PBXVariantGroup section */

/* Begin XCBuildConfiguration section */
		832F2F1A2B6AF65400B3CDC0 /* Debug */ = {
			isa = XCBuildConfiguration;
			buildSettings = {
				ALWAYS_SEARCH_USER_PATHS = NO;
				ASSETCATALOG_COMPILER_GENERATE_SWIFT_ASSET_SYMBOL_EXTENSIONS = YES;
				CLANG_ANALYZER_NONNULL = YES;
				CLANG_ANALYZER_NUMBER_OBJECT_CONVERSION = YES_AGGRESSIVE;
				CLANG_CXX_LANGUAGE_STANDARD = "gnu++20";
				CLANG_ENABLE_MODULES = YES;
				CLANG_ENABLE_OBJC_ARC = YES;
				CLANG_ENABLE_OBJC_WEAK = YES;
				CLANG_WARN_BLOCK_CAPTURE_AUTORELEASING = YES;
				CLANG_WARN_BOOL_CONVERSION = YES;
				CLANG_WARN_COMMA = YES;
				CLANG_WARN_CONSTANT_CONVERSION = YES;
				CLANG_WARN_DEPRECATED_OBJC_IMPLEMENTATIONS = YES;
				CLANG_WARN_DIRECT_OBJC_ISA_USAGE = YES_ERROR;
				CLANG_WARN_DOCUMENTATION_COMMENTS = YES;
				CLANG_WARN_EMPTY_BODY = YES;
				CLANG_WARN_ENUM_CONVERSION = YES;
				CLANG_WARN_INFINITE_RECURSION = YES;
				CLANG_WARN_INT_CONVERSION = YES;
				CLANG_WARN_NON_LITERAL_NULL_CONVERSION = YES;
				CLANG_WARN_OBJC_IMPLICIT_RETAIN_SELF = YES;
				CLANG_WARN_OBJC_LITERAL_CONVERSION = YES;
				CLANG_WARN_OBJC_ROOT_CLASS = YES_ERROR;
				CLANG_WARN_QUOTED_INCLUDE_IN_FRAMEWORK_HEADER = YES;
				CLANG_WARN_RANGE_LOOP_ANALYSIS = YES;
				CLANG_WARN_STRICT_PROTOTYPES = YES;
				CLANG_WARN_SUSPICIOUS_MOVE = YES;
				CLANG_WARN_UNGUARDED_AVAILABILITY = YES_AGGRESSIVE;
				CLANG_WARN_UNREACHABLE_CODE = YES;
				CLANG_WARN__DUPLICATE_METHOD_MATCH = YES;
				COPY_PHASE_STRIP = NO;
				DEBUG_INFORMATION_FORMAT = dwarf;
				ENABLE_STRICT_OBJC_MSGSEND = YES;
				ENABLE_TESTABILITY = YES;
				ENABLE_USER_SCRIPT_SANDBOXING = YES;
				GCC_C_LANGUAGE_STANDARD = gnu17;
				GCC_DYNAMIC_NO_PIC = NO;
				GCC_NO_COMMON_BLOCKS = YES;
				GCC_OPTIMIZATION_LEVEL = 0;
				GCC_PREPROCESSOR_DEFINITIONS = (
					"DEBUG=1",
					"$(inherited)",
				);
				GCC_WARN_64_TO_32_BIT_CONVERSION = YES;
				GCC_WARN_ABOUT_RETURN_TYPE = YES_ERROR;
				GCC_WARN_UNDECLARED_SELECTOR = YES;
				GCC_WARN_UNINITIALIZED_AUTOS = YES_AGGRESSIVE;
				GCC_WARN_UNUSED_FUNCTION = YES;
				GCC_WARN_UNUSED_VARIABLE = YES;
				IPHONEOS_DEPLOYMENT_TARGET = 13.0;
				LOCALIZATION_PREFERS_STRING_CATALOGS = YES;
				MTL_ENABLE_DEBUG_INFO = INCLUDE_SOURCE;
				MTL_FAST_MATH = YES;
				ONLY_ACTIVE_ARCH = YES;
				SDKROOT = iphoneos;
				SWIFT_ACTIVE_COMPILATION_CONDITIONS = "DEBUG $(inherited)";
				SWIFT_OPTIMIZATION_LEVEL = "-Onone";
			};
			name = Debug;
		};
		832F2F1B2B6AF65400B3CDC0 /* Release */ = {
			isa = XCBuildConfiguration;
			buildSettings = {
				ALWAYS_SEARCH_USER_PATHS = NO;
				ASSETCATALOG_COMPILER_GENERATE_SWIFT_ASSET_SYMBOL_EXTENSIONS = YES;
				CLANG_ANALYZER_NONNULL = YES;
				CLANG_ANALYZER_NUMBER_OBJECT_CONVERSION = YES_AGGRESSIVE;
				CLANG_CXX_LANGUAGE_STANDARD = "gnu++20";
				CLANG_ENABLE_MODULES = YES;
				CLANG_ENABLE_OBJC_ARC = YES;
				CLANG_ENABLE_OBJC_WEAK = YES;
				CLANG_WARN_BLOCK_CAPTURE_AUTORELEASING = YES;
				CLANG_WARN_BOOL_CONVERSION = YES;
				CLANG_WARN_COMMA = YES;
				CLANG_WARN_CONSTANT_CONVERSION = YES;
				CLANG_WARN_DEPRECATED_OBJC_IMPLEMENTATIONS = YES;
				CLANG_WARN_DIRECT_OBJC_ISA_USAGE = YES_ERROR;
				CLANG_WARN_DOCUMENTATION_COMMENTS = YES;
				CLANG_WARN_EMPTY_BODY = YES;
				CLANG_WARN_ENUM_CONVERSION = YES;
				CLANG_WARN_INFINITE_RECURSION = YES;
				CLANG_WARN_INT_CONVERSION = YES;
				CLANG_WARN_NON_LITERAL_NULL_CONVERSION = YES;
				CLANG_WARN_OBJC_IMPLICIT_RETAIN_SELF = YES;
				CLANG_WARN_OBJC_LITERAL_CONVERSION = YES;
				CLANG_WARN_OBJC_ROOT_CLASS = YES_ERROR;
				CLANG_WARN_QUOTED_INCLUDE_IN_FRAMEWORK_HEADER = YES;
				CLANG_WARN_RANGE_LOOP_ANALYSIS = YES;
				CLANG_WARN_STRICT_PROTOTYPES = YES;
				CLANG_WARN_SUSPICIOUS_MOVE = YES;
				CLANG_WARN_UNGUARDED_AVAILABILITY = YES_AGGRESSIVE;
				CLANG_WARN_UNREACHABLE_CODE = YES;
				CLANG_WARN__DUPLICATE_METHOD_MATCH = YES;
				COPY_PHASE_STRIP = NO;
				DEBUG_INFORMATION_FORMAT = "dwarf-with-dsym";
				ENABLE_NS_ASSERTIONS = NO;
				ENABLE_STRICT_OBJC_MSGSEND = YES;
				ENABLE_USER_SCRIPT_SANDBOXING = YES;
				GCC_C_LANGUAGE_STANDARD = gnu17;
				GCC_NO_COMMON_BLOCKS = YES;
				GCC_WARN_64_TO_32_BIT_CONVERSION = YES;
				GCC_WARN_ABOUT_RETURN_TYPE = YES_ERROR;
				GCC_WARN_UNDECLARED_SELECTOR = YES;
				GCC_WARN_UNINITIALIZED_AUTOS = YES_AGGRESSIVE;
				GCC_WARN_UNUSED_FUNCTION = YES;
				GCC_WARN_UNUSED_VARIABLE = YES;
				IPHONEOS_DEPLOYMENT_TARGET = 13.0;
				LOCALIZATION_PREFERS_STRING_CATALOGS = YES;
				MTL_ENABLE_DEBUG_INFO = NO;
				MTL_FAST_MATH = YES;
				SDKROOT = iphoneos;
				SWIFT_COMPILATION_MODE = wholemodule;
				VALIDATE_PRODUCT = YES;
			};
			name = Release;
		};
		832F2F1D2B6AF65400B3CDC0 /* Debug */ = {
			isa = XCBuildConfiguration;
			buildSettings = {
				ASSETCATALOG_COMPILER_APPICON_NAME = AppIcon;
				ASSETCATALOG_COMPILER_GLOBAL_ACCENT_COLOR_NAME = AccentColor;
				ASSETCATALOG_COMPILER_INCLUDE_ALL_APPICON_ASSETS = NO;
				CODE_SIGN_STYLE = Automatic;
				CURRENT_PROJECT_VERSION = 1;
				DEVELOPMENT_TEAM = 37M37S8YZC;
				GENERATE_INFOPLIST_FILE = YES;
				INFOPLIST_FILE = ProductDetailApp/Info.plist;
				INFOPLIST_KEY_UIApplicationSupportsIndirectInputEvents = YES;
				INFOPLIST_KEY_UILaunchStoryboardName = LaunchScreen;
				INFOPLIST_KEY_UIMainStoryboardFile = Main;
				INFOPLIST_KEY_UISupportedInterfaceOrientations_iPad = "UIInterfaceOrientationPortrait UIInterfaceOrientationPortraitUpsideDown UIInterfaceOrientationLandscapeLeft UIInterfaceOrientationLandscapeRight";
				INFOPLIST_KEY_UISupportedInterfaceOrientations_iPhone = "UIInterfaceOrientationPortrait UIInterfaceOrientationLandscapeLeft UIInterfaceOrientationLandscapeRight";
				IPHONEOS_DEPLOYMENT_TARGET = 13.0;
				LD_RUNPATH_SEARCH_PATHS = (
					"$(inherited)",
					"@executable_path/Frameworks",
				);
				MARKETING_VERSION = 1.0;
				PRODUCT_BUNDLE_IDENTIFIER = ivanalexvalero.ProductDetailApp;
				PRODUCT_NAME = "$(TARGET_NAME)";
				SWIFT_EMIT_LOC_STRINGS = YES;
				SWIFT_VERSION = 5.0;
				TARGETED_DEVICE_FAMILY = "1,2";
			};
			name = Debug;
		};
		832F2F1E2B6AF65400B3CDC0 /* Release */ = {
			isa = XCBuildConfiguration;
			buildSettings = {
				ASSETCATALOG_COMPILER_APPICON_NAME = AppIcon;
				ASSETCATALOG_COMPILER_GLOBAL_ACCENT_COLOR_NAME = AccentColor;
				ASSETCATALOG_COMPILER_INCLUDE_ALL_APPICON_ASSETS = NO;
				CODE_SIGN_STYLE = Automatic;
				CURRENT_PROJECT_VERSION = 1;
				DEVELOPMENT_TEAM = 37M37S8YZC;
				GENERATE_INFOPLIST_FILE = YES;
				INFOPLIST_FILE = ProductDetailApp/Info.plist;
				INFOPLIST_KEY_UIApplicationSupportsIndirectInputEvents = YES;
				INFOPLIST_KEY_UILaunchStoryboardName = LaunchScreen;
				INFOPLIST_KEY_UIMainStoryboardFile = Main;
				INFOPLIST_KEY_UISupportedInterfaceOrientations_iPad = "UIInterfaceOrientationPortrait UIInterfaceOrientationPortraitUpsideDown UIInterfaceOrientationLandscapeLeft UIInterfaceOrientationLandscapeRight";
				INFOPLIST_KEY_UISupportedInterfaceOrientations_iPhone = "UIInterfaceOrientationPortrait UIInterfaceOrientationLandscapeLeft UIInterfaceOrientationLandscapeRight";
				IPHONEOS_DEPLOYMENT_TARGET = 13.0;
				LD_RUNPATH_SEARCH_PATHS = (
					"$(inherited)",
					"@executable_path/Frameworks",
				);
				MARKETING_VERSION = 1.0;
				PRODUCT_BUNDLE_IDENTIFIER = ivanalexvalero.ProductDetailApp;
				PRODUCT_NAME = "$(TARGET_NAME)";
				SWIFT_EMIT_LOC_STRINGS = YES;
				SWIFT_VERSION = 5.0;
				TARGETED_DEVICE_FAMILY = "1,2";
			};
			name = Release;
		};
/* End XCBuildConfiguration section */

/* Begin XCConfigurationList section */
		832F2F032B6AF65200B3CDC0 /* Build configuration list for PBXProject "ProductDetailApp" */ = {
			isa = XCConfigurationList;
			buildConfigurations = (
				832F2F1A2B6AF65400B3CDC0 /* Debug */,
				832F2F1B2B6AF65400B3CDC0 /* Release */,
			);
			defaultConfigurationIsVisible = 0;
			defaultConfigurationName = Release;
		};
		832F2F1C2B6AF65400B3CDC0 /* Build configuration list for PBXNativeTarget "ProductDetailApp" */ = {
			isa = XCConfigurationList;
			buildConfigurations = (
				832F2F1D2B6AF65400B3CDC0 /* Debug */,
				832F2F1E2B6AF65400B3CDC0 /* Release */,
			);
			defaultConfigurationIsVisible = 0;
			defaultConfigurationName = Release;
		};
/* End XCConfigurationList section */

/* Begin XCRemoteSwiftPackageReference section */
		837374A92B6EFF5E009F3804 /* XCRemoteSwiftPackageReference "Kingfisher" */ = {
			isa = XCRemoteSwiftPackageReference;
			repositoryURL = "https://github.com/onevcat/Kingfisher.git";
			requirement = {
				kind = upToNextMajorVersion;
				minimumVersion = 7.0.0;
			};
		};
		837374AC2B6F081E009F3804 /* XCRemoteSwiftPackageReference "SkeletonView" */ = {
			isa = XCRemoteSwiftPackageReference;
			repositoryURL = "https://github.com/Juanpe/SkeletonView.git";
			requirement = {
				kind = upToNextMajorVersion;
				minimumVersion = 1.0.0;
			};
		};
/* End XCRemoteSwiftPackageReference section */

/* Begin XCSwiftPackageProductDependency section */
		837374AA2B6EFF5E009F3804 /* Kingfisher */ = {
			isa = XCSwiftPackageProductDependency;
			package = 837374A92B6EFF5E009F3804 /* XCRemoteSwiftPackageReference "Kingfisher" */;
			productName = Kingfisher;
		};
		837374AD2B6F081E009F3804 /* SkeletonView */ = {
			isa = XCSwiftPackageProductDependency;
			package = 837374AC2B6F081E009F3804 /* XCRemoteSwiftPackageReference "SkeletonView" */;
			productName = SkeletonView;
		};
/* End XCSwiftPackageProductDependency section */
	};
	rootObject = 832F2F002B6AF65200B3CDC0 /* Project object */;
}
